
Microsoft Visual Studio Solution File, Format Version 12.00
# Visual Studio 15
VisualStudioVersion = 15.0.28010.2026
MinimumVisualStudioVersion = 10.0.40219.1
Project("{FAE04EC0-301F-11D3-BF4B-00C04F79EFBC}") = "WebApplication2", "WebApplication2\WebApplication2.csproj", "{00FD8419-E4B1-409A-8D77-F213CA63FBF4}"
EndProject
Global
	GlobalSection(SolutionConfigurationPlatforms) = preSolution
		Debug|Any CPU = Debug|Any CPU
		Release|Any CPU = Release|Any CPU
	EndGlobalSection
	GlobalSection(ProjectConfigurationPlatforms) = postSolution
		{00FD8419-E4B1-409A-8D77-F213CA63FBF4}.Debug|Any CPU.ActiveCfg = Debug|Any CPU
		{00FD8419-E4B1-409A-8D77-F213CA63FBF4}.Debug|Any CPU.Build.0 = Debug|Any CPU
		{00FD8419-E4B1-409A-8D77-F213CA63FBF4}.Release|Any CPU.ActiveCfg = Release|Any CPU
		{00FD8419-E4B1-409A-8D77-F213CA63FBF4}.Release|Any CPU.Build.0 = Release|Any CPU
	EndGlobalSection
	GlobalSection(SolutionProperties) = preSolution
		HideSolutionNode = FALSE
	EndGlobalSection
	GlobalSection(ExtensibilityGlobals) = postSolution
		SolutionGuid = {05E3D57E-F2A2-4739-9473-D353627984C4}
	EndGlobalSection
EndGlobal
